
Microsoft Visual Studio Solution File, Format Version 12.00
# Visual Studio 15
VisualStudioVersion = 15.0.28307.168
MinimumVisualStudioVersion = 10.0.40219.1
Project("{FAE04EC0-301F-11D3-BF4B-00C04F79EFBC}") = "ShoppingCart.API", "ShoppingCart.API\ShoppingCart.API.csproj", "{9C200629-638D-44C8-A568-23902CD68909}"
EndProject
Project("{FAE04EC0-301F-11D3-BF4B-00C04F79EFBC}") = "ShoppingCart.Model", "ShoppingCart.Model\ShoppingCart.Model.csproj", "{D6E89267-1DA6-44B4-9FC7-F4AFFDB99DE3}"
EndProject
Project("{FAE04EC0-301F-11D3-BF4B-00C04F79EFBC}") = "ShoppingCart.Common", "ShoppingCart.Common\ShoppingCart.Common.csproj", "{C1B52E4F-DBBB-4975-A780-D811E2D073F9}"
EndProject
Project("{FAE04EC0-301F-11D3-BF4B-00C04F79EFBC}") = "ShoppingCart.DataAccess", "ShoppingCart.DataAccess\ShoppingCart.DataAccess.csproj", "{CFF4EACB-C2B1-4E0F-A23B-1B981408194E}"
EndProject
Global
	GlobalSection(SolutionConfigurationPlatforms) = preSolution
		Debug|Any CPU = Debug|Any CPU
		Release|Any CPU = Release|Any CPU
	EndGlobalSection
	GlobalSection(ProjectConfigurationPlatforms) = postSolution
		{9C200629-638D-44C8-A568-23902CD68909}.Debug|Any CPU.ActiveCfg = Debug|Any CPU
		{9C200629-638D-44C8-A568-23902CD68909}.Debug|Any CPU.Build.0 = Debug|Any CPU
		{9C200629-638D-44C8-A568-23902CD68909}.Release|Any CPU.ActiveCfg = Release|Any CPU
		{9C200629-638D-44C8-A568-23902CD68909}.Release|Any CPU.Build.0 = Release|Any CPU
		{D6E89267-1DA6-44B4-9FC7-F4AFFDB99DE3}.Debug|Any CPU.ActiveCfg = Debug|Any CPU
		{D6E89267-1DA6-44B4-9FC7-F4AFFDB99DE3}.Debug|Any CPU.Build.0 = Debug|Any CPU
		{D6E89267-1DA6-44B4-9FC7-F4AFFDB99DE3}.Release|Any CPU.ActiveCfg = Release|Any CPU
		{D6E89267-1DA6-44B4-9FC7-F4AFFDB99DE3}.Release|Any CPU.Build.0 = Release|Any CPU
		{C1B52E4F-DBBB-4975-A780-D811E2D073F9}.Debug|Any CPU.ActiveCfg = Debug|Any CPU
		{C1B52E4F-DBBB-4975-A780-D811E2D073F9}.Debug|Any CPU.Build.0 = Debug|Any CPU
		{C1B52E4F-DBBB-4975-A780-D811E2D073F9}.Release|Any CPU.ActiveCfg = Release|Any CPU
		{C1B52E4F-DBBB-4975-A780-D811E2D073F9}.Release|Any CPU.Build.0 = Release|Any CPU
		{CFF4EACB-C2B1-4E0F-A23B-1B981408194E}.Debug|Any CPU.ActiveCfg = Debug|Any CPU
		{CFF4EACB-C2B1-4E0F-A23B-1B981408194E}.Debug|Any CPU.Build.0 = Debug|Any CPU
		{CFF4EACB-C2B1-4E0F-A23B-1B981408194E}.Release|Any CPU.ActiveCfg = Release|Any CPU
		{CFF4EACB-C2B1-4E0F-A23B-1B981408194E}.Release|Any CPU.Build.0 = Release|Any CPU
	EndGlobalSection
	GlobalSection(SolutionProperties) = preSolution
		HideSolutionNode = FALSE
	EndGlobalSection
	GlobalSection(ExtensibilityGlobals) = postSolution
		SolutionGuid = {2D4EBE80-A432-45DF-B947-3B0F9AA82B3D}
	EndGlobalSection
EndGlobal
